
Microsoft Visual Studio Solution File, Format Version 12.00
# Visual Studio Version 17
VisualStudioVersion = 17.10.35122.118
MinimumVisualStudioVersion = 10.0.40219.1
Project("{8BC9CEB8-8B4A-11D0-8D11-00A0C91BC942}") = "NoctuaryEngine", "NoctuaryEngine.vcxproj", "{F4B21618-4E2E-4F87-A8DA-3960304FEBCA}"
EndProject
Global
	GlobalSection(SolutionConfigurationPlatforms) = preSolution
		Debug|x64 = Debug|x64
		Debug|x86 = Debug|x86
		Release|x64 = Release|x64
		Release|x86 = Release|x86
	EndGlobalSection
	GlobalSection(ProjectConfigurationPlatforms) = postSolution
		{F4B21618-4E2E-4F87-A8DA-3960304FEBCA}.Debug|x64.ActiveCfg = Debug|x64
		{F4B21618-4E2E-4F87-A8DA-3960304FEBCA}.Debug|x64.Build.0 = Debug|x64
		{F4B21618-4E2E-4F87-A8DA-3960304FEBCA}.Debug|x86.ActiveCfg = Debug|Win32
		{F4B21618-4E2E-4F87-A8DA-3960304FEBCA}.Debug|x86.Build.0 = Debug|Win32
		{F4B21618-4E2E-4F87-A8DA-3960304FEBCA}.Release|x64.ActiveCfg = Release|x64
		{F4B21618-4E2E-4F87-A8DA-3960304FEBCA}.Release|x64.Build.0 = Release|x64
		{F4B21618-4E2E-4F87-A8DA-3960304FEBCA}.Release|x86.ActiveCfg = Release|Win32
		{F4B21618-4E2E-4F87-A8DA-3960304FEBCA}.Release|x86.Build.0 = Release|Win32
	EndGlobalSection
	GlobalSection(SolutionProperties) = preSolution
		HideSolutionNode = FALSE
	EndGlobalSection
	GlobalSection(ExtensibilityGlobals) = postSolution
		SolutionGuid = {6ED426C8-9098-43F1-8FF1-009C24025C1C}
	EndGlobalSection
EndGlobal
